# This file was autogenerated by Stack.
# You should not edit this file by hand.
# For more information, please see the documentation at:
#   https://docs.haskellstack.org/en/stable/lock_files

packages:
- completed:
    hackage: leveldb-haskell-0.6.3@sha256:d39b8be26808126776b6ab8ef2d3b9cecfe61c538bfb3e85098c727451d99739,4812
    pantry-tree:
      sha256: 628fe18b7b7f9b25dec16ae195f2c546354f544b6882f4f46a6e2e4f3f236c76
      size: 1305
  original:
    hackage: leveldb-haskell-0.6.3
snapshots:
- completed:
    sha256: bbf2be02f17940bac1f87cb462d4fb0c3355de6dcfc53d84f4f9ad3ee2164f65
    size: 616897
    url: https://raw.githubusercontent.com/commercialhaskell/stackage-snapshots/master/lts/19/0.yaml
  original: lts-19.0
